
Microsoft Visual Studio Solution File, Format Version 12.00
# Visual Studio Version 16
VisualStudioVersion = 16.0.31515.178
MinimumVisualStudioVersion = 10.0.40219.1
Project("{FAE04EC0-301F-11D3-BF4B-00C04F79EFBC}") = "Vehicle", "Vehicle.csproj", "{12A63083-8D79-4F16-B36D-B85335B321B7}"
EndProject
Project("{FAE04EC0-301F-11D3-BF4B-00C04F79EFBC}") = "Vehicle_TestProject", "..\Vehicle_TestProject\Vehicle_TestProject.csproj", "{C6A5641D-C043-44A3-890F-448ED66D9112}"
EndProject
Global
	GlobalSection(SolutionConfigurationPlatforms) = preSolution
		Debug|Any CPU = Debug|Any CPU
		Release|Any CPU = Release|Any CPU
	EndGlobalSection
	GlobalSection(ProjectConfigurationPlatforms) = postSolution
		{12A63083-8D79-4F16-B36D-B85335B321B7}.Debug|Any CPU.ActiveCfg = Debug|Any CPU
		{12A63083-8D79-4F16-B36D-B85335B321B7}.Debug|Any CPU.Build.0 = Debug|Any CPU
		{12A63083-8D79-4F16-B36D-B85335B321B7}.Release|Any CPU.ActiveCfg = Release|Any CPU
		{12A63083-8D79-4F16-B36D-B85335B321B7}.Release|Any CPU.Build.0 = Release|Any CPU
		{C6A5641D-C043-44A3-890F-448ED66D9112}.Debug|Any CPU.ActiveCfg = Debug|Any CPU
		{C6A5641D-C043-44A3-890F-448ED66D9112}.Debug|Any CPU.Build.0 = Debug|Any CPU
		{C6A5641D-C043-44A3-890F-448ED66D9112}.Release|Any CPU.ActiveCfg = Release|Any CPU
		{C6A5641D-C043-44A3-890F-448ED66D9112}.Release|Any CPU.Build.0 = Release|Any CPU
	EndGlobalSection
	GlobalSection(SolutionProperties) = preSolution
		HideSolutionNode = FALSE
	EndGlobalSection
	GlobalSection(ExtensibilityGlobals) = postSolution
		SolutionGuid = {B8F7177D-D0AE-43E3-A8A4-C27E63D08EA4}
	EndGlobalSection
EndGlobal
